
Microsoft Visual Studio Solution File, Format Version 12.00
# Visual Studio Version 17
VisualStudioVersion = 17.10.34916.146
MinimumVisualStudioVersion = 10.0.40219.1
Project("{FAE04EC0-301F-11D3-BF4B-00C04F79EFBC}") = "BookHub", "BookHub\BookHub.csproj", "{C25BFD41-64FA-4F95-9528-9BB1C4C96AD5}"
EndProject
Global
	GlobalSection(SolutionConfigurationPlatforms) = preSolution
		Debug|Any CPU = Debug|Any CPU
		Release|Any CPU = Release|Any CPU
	EndGlobalSection
	GlobalSection(ProjectConfigurationPlatforms) = postSolution
		{C25BFD41-64FA-4F95-9528-9BB1C4C96AD5}.Debug|Any CPU.ActiveCfg = Debug|Any CPU
		{C25BFD41-64FA-4F95-9528-9BB1C4C96AD5}.Debug|Any CPU.Build.0 = Debug|Any CPU
		{C25BFD41-64FA-4F95-9528-9BB1C4C96AD5}.Release|Any CPU.ActiveCfg = Release|Any CPU
		{C25BFD41-64FA-4F95-9528-9BB1C4C96AD5}.Release|Any CPU.Build.0 = Release|Any CPU
	EndGlobalSection
	GlobalSection(SolutionProperties) = preSolution
		HideSolutionNode = FALSE
	EndGlobalSection
	GlobalSection(ExtensibilityGlobals) = postSolution
		SolutionGuid = {67F6C7A0-5358-4A90-9AB3-B9D9A349CC2F}
	EndGlobalSection
EndGlobal
